
Microsoft Visual Studio Solution File, Format Version 12.00
# Visual Studio Version 17
VisualStudioVersion = 17.14.36518.9
MinimumVisualStudioVersion = 10.0.40219.1
Project("{FAE04EC0-301F-11D3-BF4B-00C04F79EFBC}") = "APPR6312PART2", "APPR6312PART2\APPR6312PART2.csproj", "{CA2910E5-25C0-49B2-B82D-17951CDC7B58}"
EndProject
Global
	GlobalSection(SolutionConfigurationPlatforms) = preSolution
		Debug|Any CPU = Debug|Any CPU
		Release|Any CPU = Release|Any CPU
	EndGlobalSection
	GlobalSection(ProjectConfigurationPlatforms) = postSolution
		{CA2910E5-25C0-49B2-B82D-17951CDC7B58}.Debug|Any CPU.ActiveCfg = Debug|Any CPU
		{CA2910E5-25C0-49B2-B82D-17951CDC7B58}.Debug|Any CPU.Build.0 = Debug|Any CPU
		{CA2910E5-25C0-49B2-B82D-17951CDC7B58}.Release|Any CPU.ActiveCfg = Release|Any CPU
		{CA2910E5-25C0-49B2-B82D-17951CDC7B58}.Release|Any CPU.Build.0 = Release|Any CPU
	EndGlobalSection
	GlobalSection(SolutionProperties) = preSolution
		HideSolutionNode = FALSE
	EndGlobalSection
	GlobalSection(ExtensibilityGlobals) = postSolution
		SolutionGuid = {AFA51EB5-DB2F-4C45-856D-E9CC7CC6EABD}
	EndGlobalSection
EndGlobal
